
Microsoft Visual Studio Solution File, Format Version 12.00
# Visual Studio Version 16
VisualStudioVersion = 16.0.30413.136
MinimumVisualStudioVersion = 10.0.40219.1
Project("{D2ABAB84-BF74-430A-B69E-9DC6D40DDA17}") = "Olympic_02", "Olympic_02.dwproj", "{2E7DACAC-EA07-40F5-9668-61A68846202D}"
EndProject
Global
	GlobalSection(SolutionConfigurationPlatforms) = preSolution
		Development|Default = Development|Default
	EndGlobalSection
	GlobalSection(ProjectConfigurationPlatforms) = postSolution
		{2E7DACAC-EA07-40F5-9668-61A68846202D}.Development|Default.ActiveCfg = Development
		{2E7DACAC-EA07-40F5-9668-61A68846202D}.Development|Default.Build.0 = Development
		{2E7DACAC-EA07-40F5-9668-61A68846202D}.Development|Default.Deploy.0 = Development
	EndGlobalSection
	GlobalSection(SolutionProperties) = preSolution
		HideSolutionNode = FALSE
	EndGlobalSection
	GlobalSection(ExtensibilityGlobals) = postSolution
		SolutionGuid = {4C480524-B73A-4748-A73B-12677C4EE142}
	EndGlobalSection
EndGlobal
